
Microsoft Visual Studio Solution File, Format Version 12.00
# Visual Studio Version 16
VisualStudioVersion = 16.0.30907.101
MinimumVisualStudioVersion = 10.0.40219.1
Project("{FAE04EC0-301F-11D3-BF4B-00C04F79EFBC}") = "RobotWars.Game", "RobotWars.Game\RobotWars.Game.csproj", "{DE6B2905-8880-41F2-B872-C107C1D275E9}"
EndProject
Project("{FAE04EC0-301F-11D3-BF4B-00C04F79EFBC}") = "RobotWars", "RobotWars\RobotWars.csproj", "{C7FE00AD-0304-4F4A-AB38-A28110C6CCED}"
EndProject
Project("{FAE04EC0-301F-11D3-BF4B-00C04F79EFBC}") = "RobotWars.Tests", "RobotWars.Tests\RobotWars.Tests.csproj", "{B4D3637D-F190-4A60-BC59-2660A49807B5}"
EndProject
Global
	GlobalSection(SolutionConfigurationPlatforms) = preSolution
		Debug|Any CPU = Debug|Any CPU
		Release|Any CPU = Release|Any CPU
	EndGlobalSection
	GlobalSection(ProjectConfigurationPlatforms) = postSolution
		{DE6B2905-8880-41F2-B872-C107C1D275E9}.Debug|Any CPU.ActiveCfg = Debug|Any CPU
		{DE6B2905-8880-41F2-B872-C107C1D275E9}.Debug|Any CPU.Build.0 = Debug|Any CPU
		{DE6B2905-8880-41F2-B872-C107C1D275E9}.Release|Any CPU.ActiveCfg = Release|Any CPU
		{DE6B2905-8880-41F2-B872-C107C1D275E9}.Release|Any CPU.Build.0 = Release|Any CPU
		{C7FE00AD-0304-4F4A-AB38-A28110C6CCED}.Debug|Any CPU.ActiveCfg = Debug|Any CPU
		{C7FE00AD-0304-4F4A-AB38-A28110C6CCED}.Debug|Any CPU.Build.0 = Debug|Any CPU
		{C7FE00AD-0304-4F4A-AB38-A28110C6CCED}.Release|Any CPU.ActiveCfg = Release|Any CPU
		{C7FE00AD-0304-4F4A-AB38-A28110C6CCED}.Release|Any CPU.Build.0 = Release|Any CPU
		{B4D3637D-F190-4A60-BC59-2660A49807B5}.Debug|Any CPU.ActiveCfg = Debug|Any CPU
		{B4D3637D-F190-4A60-BC59-2660A49807B5}.Debug|Any CPU.Build.0 = Debug|Any CPU
		{B4D3637D-F190-4A60-BC59-2660A49807B5}.Release|Any CPU.ActiveCfg = Release|Any CPU
		{B4D3637D-F190-4A60-BC59-2660A49807B5}.Release|Any CPU.Build.0 = Release|Any CPU
	EndGlobalSection
	GlobalSection(SolutionProperties) = preSolution
		HideSolutionNode = FALSE
	EndGlobalSection
	GlobalSection(ExtensibilityGlobals) = postSolution
		SolutionGuid = {5CB992D0-C404-48A8-AB2F-D60A09815776}
	EndGlobalSection
EndGlobal
